
Microsoft Visual Studio Solution File, Format Version 12.00
# Visual Studio Version 16
VisualStudioVersion = 16.0.29911.84
MinimumVisualStudioVersion = 10.0.40219.1
Project("{9A19103F-16F7-4668-BE54-9A1E7A4F7556}") = "AspNetCoreWithMongo.Api", "AspNetCoreWithMongo.Api.csproj", "{4D2D654A-BBC1-4D2E-8414-6383FD9B26DF}"
EndProject
Global
	GlobalSection(SolutionConfigurationPlatforms) = preSolution
		Debug|Any CPU = Debug|Any CPU
		Release|Any CPU = Release|Any CPU
	EndGlobalSection
	GlobalSection(ProjectConfigurationPlatforms) = postSolution
		{4D2D654A-BBC1-4D2E-8414-6383FD9B26DF}.Debug|Any CPU.ActiveCfg = Debug|Any CPU
		{4D2D654A-BBC1-4D2E-8414-6383FD9B26DF}.Debug|Any CPU.Build.0 = Debug|Any CPU
		{4D2D654A-BBC1-4D2E-8414-6383FD9B26DF}.Release|Any CPU.ActiveCfg = Release|Any CPU
		{4D2D654A-BBC1-4D2E-8414-6383FD9B26DF}.Release|Any CPU.Build.0 = Release|Any CPU
	EndGlobalSection
	GlobalSection(SolutionProperties) = preSolution
		HideSolutionNode = FALSE
	EndGlobalSection
	GlobalSection(ExtensibilityGlobals) = postSolution
		SolutionGuid = {12864EF9-D7B4-49F0-B9D6-2DCCA6912B1C}
	EndGlobalSection
EndGlobal
